
Microsoft Visual Studio Solution File, Format Version 12.00
# Visual Studio Version 17
VisualStudioVersion = 17.11.35327.3
MinimumVisualStudioVersion = 10.0.40219.1
Project("{8BC9CEB8-8B4A-11D0-8D11-00A0C91BC942}") = "Project2 banking", "Project2 banking\Project2 banking.vcxproj", "{FEF28412-7BF5-4CD4-A696-8FCDE7D589E8}"
EndProject
Global
	GlobalSection(SolutionConfigurationPlatforms) = preSolution
		Debug|x64 = Debug|x64
		Debug|x86 = Debug|x86
		Release|x64 = Release|x64
		Release|x86 = Release|x86
	EndGlobalSection
	GlobalSection(ProjectConfigurationPlatforms) = postSolution
		{FEF28412-7BF5-4CD4-A696-8FCDE7D589E8}.Debug|x64.ActiveCfg = Debug|x64
		{FEF28412-7BF5-4CD4-A696-8FCDE7D589E8}.Debug|x64.Build.0 = Debug|x64
		{FEF28412-7BF5-4CD4-A696-8FCDE7D589E8}.Debug|x86.ActiveCfg = Debug|Win32
		{FEF28412-7BF5-4CD4-A696-8FCDE7D589E8}.Debug|x86.Build.0 = Debug|Win32
		{FEF28412-7BF5-4CD4-A696-8FCDE7D589E8}.Release|x64.ActiveCfg = Release|x64
		{FEF28412-7BF5-4CD4-A696-8FCDE7D589E8}.Release|x64.Build.0 = Release|x64
		{FEF28412-7BF5-4CD4-A696-8FCDE7D589E8}.Release|x86.ActiveCfg = Release|Win32
		{FEF28412-7BF5-4CD4-A696-8FCDE7D589E8}.Release|x86.Build.0 = Release|Win32
	EndGlobalSection
	GlobalSection(SolutionProperties) = preSolution
		HideSolutionNode = FALSE
	EndGlobalSection
	GlobalSection(ExtensibilityGlobals) = postSolution
		SolutionGuid = {2371C3B2-964F-4A1E-98FB-147E5F3441E1}
	EndGlobalSection
EndGlobal
